
Microsoft Visual Studio Solution File, Format Version 12.00
# Visual Studio Version 17
VisualStudioVersion = 17.0.32014.148
MinimumVisualStudioVersion = 10.0.40219.1
Project("{FAE04EC0-301F-11D3-BF4B-00C04F79EFBC}") = "GUI", "GUI\GUI.csproj", "{EED18539-E55C-41F3-915E-85B5D3D8BD9F}"
EndProject
Project("{FAE04EC0-301F-11D3-BF4B-00C04F79EFBC}") = "DTO", "DTO\DTO.csproj", "{C415C4CE-A0FE-4935-96CD-4C2A86648BB0}"
EndProject
Project("{FAE04EC0-301F-11D3-BF4B-00C04F79EFBC}") = "DAL", "DAL\DAL.csproj", "{919E7433-B9E6-4B98-B7A4-76F46C6F3A9E}"
EndProject
Project("{FAE04EC0-301F-11D3-BF4B-00C04F79EFBC}") = "BUS", "BUS\BUS.csproj", "{DD5847E5-5704-4506-BB77-C6CE8A887B56}"
EndProject
Global
	GlobalSection(SolutionConfigurationPlatforms) = preSolution
		Debug|Any CPU = Debug|Any CPU
		Release|Any CPU = Release|Any CPU
	EndGlobalSection
	GlobalSection(ProjectConfigurationPlatforms) = postSolution
		{EED18539-E55C-41F3-915E-85B5D3D8BD9F}.Debug|Any CPU.ActiveCfg = Debug|Any CPU
		{EED18539-E55C-41F3-915E-85B5D3D8BD9F}.Debug|Any CPU.Build.0 = Debug|Any CPU
		{EED18539-E55C-41F3-915E-85B5D3D8BD9F}.Release|Any CPU.ActiveCfg = Release|Any CPU
		{EED18539-E55C-41F3-915E-85B5D3D8BD9F}.Release|Any CPU.Build.0 = Release|Any CPU
		{C415C4CE-A0FE-4935-96CD-4C2A86648BB0}.Debug|Any CPU.ActiveCfg = Debug|Any CPU
		{C415C4CE-A0FE-4935-96CD-4C2A86648BB0}.Debug|Any CPU.Build.0 = Debug|Any CPU
		{C415C4CE-A0FE-4935-96CD-4C2A86648BB0}.Release|Any CPU.ActiveCfg = Release|Any CPU
		{C415C4CE-A0FE-4935-96CD-4C2A86648BB0}.Release|Any CPU.Build.0 = Release|Any CPU
		{919E7433-B9E6-4B98-B7A4-76F46C6F3A9E}.Debug|Any CPU.ActiveCfg = Debug|Any CPU
		{919E7433-B9E6-4B98-B7A4-76F46C6F3A9E}.Debug|Any CPU.Build.0 = Debug|Any CPU
		{919E7433-B9E6-4B98-B7A4-76F46C6F3A9E}.Release|Any CPU.ActiveCfg = Release|Any CPU
		{919E7433-B9E6-4B98-B7A4-76F46C6F3A9E}.Release|Any CPU.Build.0 = Release|Any CPU
		{DD5847E5-5704-4506-BB77-C6CE8A887B56}.Debug|Any CPU.ActiveCfg = Debug|Any CPU
		{DD5847E5-5704-4506-BB77-C6CE8A887B56}.Debug|Any CPU.Build.0 = Debug|Any CPU
		{DD5847E5-5704-4506-BB77-C6CE8A887B56}.Release|Any CPU.ActiveCfg = Release|Any CPU
		{DD5847E5-5704-4506-BB77-C6CE8A887B56}.Release|Any CPU.Build.0 = Release|Any CPU
	EndGlobalSection
	GlobalSection(SolutionProperties) = preSolution
		HideSolutionNode = FALSE
	EndGlobalSection
	GlobalSection(ExtensibilityGlobals) = postSolution
		SolutionGuid = {BA95E47E-BAFB-4C26-8F7E-C04A196BA9CE}
	EndGlobalSection
EndGlobal
